// !$*UTF8*$!
{
	archiveVersion = 1;
	classes = {
	};
	objectVersion = 51;
	objects = {

/* Begin PBXBuildFile section */
		1886BD7EA0CA20806CF5810E /* Pods_Appfrases.framework in Frameworks */ = {isa = PBXBuildFile; fileRef = 5F41C24AEB8AD2F89AC2C1C2 /* Pods_Appfrases.framework */; };
		C12186D4263B916200928890 /* GoogleService-Info.plist in Resources */ = {isa = PBXBuildFile; fileRef = C12186D3263B916200928890 /* GoogleService-Info.plist */; };
		C12186FA263BA77500928890 /* LoginViewController.swift in Sources */ = {isa = PBXBuildFile; fileRef = C12186F9263BA77500928890 /* LoginViewController.swift */; };
		C17AE623263895EA00C19837 /* TelaPrincipalViewController.swift in Sources */ = {isa = PBXBuildFile; fileRef = C17AE622263895EA00C19837 /* TelaPrincipalViewController.swift */; };
		C1DB747F2637554500BDA717 /* AppDelegate.swift in Sources */ = {isa = PBXBuildFile; fileRef = C1DB747E2637554500BDA717 /* AppDelegate.swift */; };
		C1DB74812637554500BDA717 /* SceneDelegate.swift in Sources */ = {isa = PBXBuildFile; fileRef = C1DB74802637554500BDA717 /* SceneDelegate.swift */; };
		C1DB74862637554500BDA717 /* Main.storyboard in Resources */ = {isa = PBXBuildFile; fileRef = C1DB74842637554500BDA717 /* Main.storyboard */; };
		C1DB74892637554500BDA717 /* Appfrases.xcdatamodeld in Sources */ = {isa = PBXBuildFile; fileRef = C1DB74872637554500BDA717 /* Appfrases.xcdatamodeld */; };
		C1DB748B2637554A00BDA717 /* Assets.xcassets in Resources */ = {isa = PBXBuildFile; fileRef = C1DB748A2637554A00BDA717 /* Assets.xcassets */; };
		C1DB748E2637554A00BDA717 /* LaunchScreen.storyboard in Resources */ = {isa = PBXBuildFile; fileRef = C1DB748C2637554A00BDA717 /* LaunchScreen.storyboard */; };
		C1E7F2EE263B441E001CE4A5 /* CadastrarViewController.swift in Sources */ = {isa = PBXBuildFile; fileRef = C1E7F2ED263B441E001CE4A5 /* CadastrarViewController.swift */; };
/* End PBXBuildFile section */

/* Begin PBXFileReference section */
		5F41C24AEB8AD2F89AC2C1C2 /* Pods_Appfrases.framework */ = {isa = PBXFileReference; explicitFileType = wrapper.framework; includeInIndex = 0; path = Pods_Appfrases.framework; sourceTree = BUILT_PRODUCTS_DIR; };
		AAA968B8BBC0D306558849A2 /* Pods-Appfrases.debug.xcconfig */ = {isa = PBXFileReference; includeInIndex = 1; lastKnownFileType = text.xcconfig; name = "Pods-Appfrases.debug.xcconfig"; path = "Target Support Files/Pods-Appfrases/Pods-Appfrases.debug.xcconfig"; sourceTree = "<group>"; };
		C12186D3263B916200928890 /* GoogleService-Info.plist */ = {isa = PBXFileReference; fileEncoding = 4; lastKnownFileType = text.plist.xml; path = "GoogleService-Info.plist"; sourceTree = "<group>"; };
		C12186F9263BA77500928890 /* LoginViewController.swift */ = {isa = PBXFileReference; lastKnownFileType = sourcecode.swift; path = LoginViewController.swift; sourceTree = "<group>"; };
		C17AE622263895EA00C19837 /* TelaPrincipalViewController.swift */ = {isa = PBXFileReference; lastKnownFileType = sourcecode.swift; path = TelaPrincipalViewController.swift; sourceTree = "<group>"; };
		C1DB747B2637554500BDA717 /* Appfrases.app */ = {isa = PBXFileReference; explicitFileType = wrapper.application; includeInIndex = 0; path = Appfrases.app; sourceTree = BUILT_PRODUCTS_DIR; };
		C1DB747E2637554500BDA717 /* AppDelegate.swift */ = {isa = PBXFileReference; lastKnownFileType = sourcecode.swift; path = AppDelegate.swift; sourceTree = "<group>"; };
		C1DB74802637554500BDA717 /* SceneDelegate.swift */ = {isa = PBXFileReference; lastKnownFileType = sourcecode.swift; path = SceneDelegate.swift; sourceTree = "<group>"; };
		C1DB74852637554500BDA717 /* Base */ = {isa = PBXFileReference; lastKnownFileType = file.storyboard; name = Base; path = Base.lproj/Main.storyboard; sourceTree = "<group>"; };
		C1DB74882637554500BDA717 /* Appfrases.xcdatamodel */ = {isa = PBXFileReference; lastKnownFileType = wrapper.xcdatamodel; path = Appfrases.xcdatamodel; sourceTree = "<group>"; };
		C1DB748A2637554A00BDA717 /* Assets.xcassets */ = {isa = PBXFileReference; lastKnownFileType = folder.assetcatalog; path = Assets.xcassets; sourceTree = "<group>"; };
		C1DB748D2637554A00BDA717 /* Base */ = {isa = PBXFileReference; lastKnownFileType = file.storyboard; name = Base; path = Base.lproj/LaunchScreen.storyboard; sourceTree = "<group>"; };
		C1DB748F2637554A00BDA717 /* Info.plist */ = {isa = PBXFileReference; lastKnownFileType = text.plist.xml; path = Info.plist; sourceTree = "<group>"; };
		C1E7F2ED263B441E001CE4A5 /* CadastrarViewController.swift */ = {isa = PBXFileReference; lastKnownFileType = sourcecode.swift; path = CadastrarViewController.swift; sourceTree = "<group>"; };
		C42986388422B549B5D301AA /* Pods-Appfrases.release.xcconfig */ = {isa = PBXFileReference; includeInIndex = 1; lastKnownFileType = text.xcconfig; name = "Pods-Appfrases.release.xcconfig"; path = "Target Support Files/Pods-Appfrases/Pods-Appfrases.release.xcconfig"; sourceTree = "<group>"; };
/* End PBXFileReference section */

/* Begin PBXFrameworksBuildPhase section */
		C1DB74782637554500BDA717 /* Frameworks */ = {
			isa = PBXFrameworksBuildPhase;
			buildActionMask = 2147483647;
			files = (
				1886BD7EA0CA20806CF5810E /* Pods_Appfrases.framework in Frameworks */,
			);
			runOnlyForDeploymentPostprocessing = 0;
		};
/* End PBXFrameworksBuildPhase section */

/* Begin PBXGroup section */
		428A224B5FB51ABA04DF5302 /* Frameworks */ = {
			isa = PBXGroup;
			children = (
				5F41C24AEB8AD2F89AC2C1C2 /* Pods_Appfrases.framework */,
			);
			name = Frameworks;
			sourceTree = "<group>";
		};
		A70F6BC0176CCCC69B36D60F /* Pods */ = {
			isa = PBXGroup;
			children = (
				AAA968B8BBC0D306558849A2 /* Pods-Appfrases.debug.xcconfig */,
				C42986388422B549B5D301AA /* Pods-Appfrases.release.xcconfig */,
			);
			path = Pods;
			sourceTree = "<group>";
		};
		C17AE61A2638955400C19837 /* Model */ = {
			isa = PBXGroup;
			children = (
			);
			path = Model;
			sourceTree = "<group>";
		};
		C17AE61B2638955600C19837 /* View */ = {
			isa = PBXGroup;
			children = (
				C1DB748C2637554A00BDA717 /* LaunchScreen.storyboard */,
				C1DB74842637554500BDA717 /* Main.storyboard */,
			);
			path = View;
			sourceTree = "<group>";
		};
		C17AE61C2638955900C19837 /* Controller */ = {
			isa = PBXGroup;
			children = (
				C17AE622263895EA00C19837 /* TelaPrincipalViewController.swift */,
				C1E7F2ED263B441E001CE4A5 /* CadastrarViewController.swift */,
				C12186F9263BA77500928890 /* LoginViewController.swift */,
			);
			path = Controller;
			sourceTree = "<group>";
		};
		C1DB74722637554500BDA717 = {
			isa = PBXGroup;
			children = (
				C1DB747D2637554500BDA717 /* Appfrases */,
				C1DB747C2637554500BDA717 /* Products */,
				A70F6BC0176CCCC69B36D60F /* Pods */,
				428A224B5FB51ABA04DF5302 /* Frameworks */,
			);
			sourceTree = "<group>";
		};
		C1DB747C2637554500BDA717 /* Products */ = {
			isa = PBXGroup;
			children = (
				C1DB747B2637554500BDA717 /* Appfrases.app */,
			);
			name = Products;
			sourceTree = "<group>";
		};
		C1DB747D2637554500BDA717 /* Appfrases */ = {
			isa = PBXGroup;
			children = (
				C17AE61A2638955400C19837 /* Model */,
				C17AE61B2638955600C19837 /* View */,
				C17AE61C2638955900C19837 /* Controller */,
				C1DB747E2637554500BDA717 /* AppDelegate.swift */,
				C1DB74802637554500BDA717 /* SceneDelegate.swift */,
				C1DB748A2637554A00BDA717 /* Assets.xcassets */,
				C12186D3263B916200928890 /* GoogleService-Info.plist */,
				C1DB74872637554500BDA717 /* Appfrases.xcdatamodeld */,
				C1DB748F2637554A00BDA717 /* Info.plist */,
			);
			path = Appfrases;
			sourceTree = "<group>";
		};
/* End PBXGroup section */

/* Begin PBXNativeTarget section */
		C1DB747A2637554500BDA717 /* Appfrases */ = {
			isa = PBXNativeTarget;
			buildConfigurationList = C1DB74922637554A00BDA717 /* Build configuration list for PBXNativeTarget "Appfrases" */;
			buildPhases = (
				9B0E0B162926A39F973D3520 /* [CP] Check Pods Manifest.lock */,
				C1DB74772637554500BDA717 /* Sources */,
				C1DB74782637554500BDA717 /* Frameworks */,
				C1DB74792637554500BDA717 /* Resources */,
				F0D9F3B867A6DA7932055DC1 /* [CP] Embed Pods Frameworks */,
			);
			buildRules = (
			);
			dependencies = (
			);
			name = Appfrases;
			productName = Appfrases;
			productReference = C1DB747B2637554500BDA717 /* Appfrases.app */;
			productType = "com.apple.product-type.application";
		};
/* End PBXNativeTarget section */

/* Begin PBXProject section */
		C1DB74732637554500BDA717 /* Project object */ = {
			isa = PBXProject;
			attributes = {
				LastSwiftUpdateCheck = 1240;
				LastUpgradeCheck = 1240;
				TargetAttributes = {
					C1DB747A2637554500BDA717 = {
						CreatedOnToolsVersion = 12.4;
					};
				};
			};
			buildConfigurationList = C1DB74762637554500BDA717 /* Build configuration list for PBXProject "Appfrases" */;
			compatibilityVersion = "Xcode 9.3";
			developmentRegion = en;
			hasScannedForEncodings = 0;
			knownRegions = (
				en,
				Base,
			);
			mainGroup = C1DB74722637554500BDA717;
			productRefGroup = C1DB747C2637554500BDA717 /* Products */;
			projectDirPath = "";
			projectRoot = "";
			targets = (
				C1DB747A2637554500BDA717 /* Appfrases */,
			);
		};
/* End PBXProject section */

/* Begin PBXResourcesBuildPhase section */
		C1DB74792637554500BDA717 /* Resources */ = {
			isa = PBXResourcesBuildPhase;
			buildActionMask = 2147483647;
			files = (
				C1DB748E2637554A00BDA717 /* LaunchScreen.storyboard in Resources */,
				C12186D4263B916200928890 /* GoogleService-Info.plist in Resources */,
				C1DB748B2637554A00BDA717 /* Assets.xcassets in Resources */,
				C1DB74862637554500BDA717 /* Main.storyboard in Resources */,
			);
			runOnlyForDeploymentPostprocessing = 0;
		};
/* End PBXResourcesBuildPhase section */

/* Begin PBXShellScriptBuildPhase section */
		9B0E0B162926A39F973D3520 /* [CP] Check Pods Manifest.lock */ = {
			isa = PBXShellScriptBuildPhase;
			buildActionMask = 2147483647;
			files = (
			);
			inputFileListPaths = (
			);
			inputPaths = (
				"${PODS_PODFILE_DIR_PATH}/Podfile.lock",
				"${PODS_ROOT}/Manifest.lock",
			);
			name = "[CP] Check Pods Manifest.lock";
			outputFileListPaths = (
			);
			outputPaths = (
				"$(DERIVED_FILE_DIR)/Pods-Appfrases-checkManifestLockResult.txt",
			);
			runOnlyForDeploymentPostprocessing = 0;
			shellPath = /bin/sh;
			shellScript = "diff \"${PODS_PODFILE_DIR_PATH}/Podfile.lock\" \"${PODS_ROOT}/Manifest.lock\" > /dev/null\nif [ $? != 0 ] ; then\n    # print error to STDERR\n    echo \"error: The sandbox is not in sync with the Podfile.lock. Run 'pod install' or update your CocoaPods installation.\" >&2\n    exit 1\nfi\n# This output is used by Xcode 'outputs' to avoid re-running this script phase.\necho \"SUCCESS\" > \"${SCRIPT_OUTPUT_FILE_0}\"\n";
			showEnvVarsInLog = 0;
		};
		F0D9F3B867A6DA7932055DC1 /* [CP] Embed Pods Frameworks */ = {
			isa = PBXShellScriptBuildPhase;
			buildActionMask = 2147483647;
			files = (
			);
			inputFileListPaths = (
				"${PODS_ROOT}/Target Support Files/Pods-Appfrases/Pods-Appfrases-frameworks-${CONFIGURATION}-input-files.xcfilelist",
			);
			name = "[CP] Embed Pods Frameworks";
			outputFileListPaths = (
				"${PODS_ROOT}/Target Support Files/Pods-Appfrases/Pods-Appfrases-frameworks-${CONFIGURATION}-output-files.xcfilelist",
			);
			runOnlyForDeploymentPostprocessing = 0;
			shellPath = /bin/sh;
			shellScript = "\"${PODS_ROOT}/Target Support Files/Pods-Appfrases/Pods-Appfrases-frameworks.sh\"\n";
			showEnvVarsInLog = 0;
		};
/* End PBXShellScriptBuildPhase section */

/* Begin PBXSourcesBuildPhase section */
		C1DB74772637554500BDA717 /* Sources */ = {
			isa = PBXSourcesBuildPhase;
			buildActionMask = 2147483647;
			files = (
				C12186FA263BA77500928890 /* LoginViewController.swift in Sources */,
				C17AE623263895EA00C19837 /* TelaPrincipalViewController.swift in Sources */,
				C1DB747F2637554500BDA717 /* AppDelegate.swift in Sources */,
				C1DB74812637554500BDA717 /* SceneDelegate.swift in Sources */,
				C1E7F2EE263B441E001CE4A5 /* CadastrarViewController.swift in Sources */,
				C1DB74892637554500BDA717 /* Appfrases.xcdatamodeld in Sources */,
			);
			runOnlyForDeploymentPostprocessing = 0;
		};
/* End PBXSourcesBuildPhase section */

/* Begin PBXVariantGroup section */
		C1DB74842637554500BDA717 /* Main.storyboard */ = {
			isa = PBXVariantGroup;
			children = (
				C1DB74852637554500BDA717 /* Base */,
			);
			name = Main.storyboard;
			sourceTree = "<group>";
		};
		C1DB748C2637554A00BDA717 /* LaunchScreen.storyboard */ = {
			isa = PBXVariantGroup;
			children = (
				C1DB748D2637554A00BDA717 /* Base */,
			);
			name = LaunchScreen.storyboard;
			sourceTree = "<group>";
		};
/* End PBXVariantGroup section */

/* Begin XCBuildConfiguration section */
		C1DB74902637554A00BDA717 /* Debug */ = {
			isa = XCBuildConfiguration;
			buildSettings = {
				ALWAYS_SEARCH_USER_PATHS = NO;
				CLANG_ANALYZER_NONNULL = YES;
				CLANG_ANALYZER_NUMBER_OBJECT_CONVERSION = YES_AGGRESSIVE;
				CLANG_CXX_LANGUAGE_STANDARD = "gnu++14";
				CLANG_CXX_LIBRARY = "libc++";
				CLANG_ENABLE_MODULES = YES;
				CLANG_ENABLE_OBJC_ARC = YES;
				CLANG_ENABLE_OBJC_WEAK = YES;
				CLANG_WARN_BLOCK_CAPTURE_AUTORELEASING = YES;
				CLANG_WARN_BOOL_CONVERSION = YES;
				CLANG_WARN_COMMA = YES;
				CLANG_WARN_CONSTANT_CONVERSION = YES;
				CLANG_WARN_DEPRECATED_OBJC_IMPLEMENTATIONS = YES;
				CLANG_WARN_DIRECT_OBJC_ISA_USAGE = YES_ERROR;
				CLANG_WARN_DOCUMENTATION_COMMENTS = YES;
				CLANG_WARN_EMPTY_BODY = YES;
				CLANG_WARN_ENUM_CONVERSION = YES;
				CLANG_WARN_INFINITE_RECURSION = YES;
				CLANG_WARN_INT_CONVERSION = YES;
				CLANG_WARN_NON_LITERAL_NULL_CONVERSION = YES;
				CLANG_WARN_OBJC_IMPLICIT_RETAIN_SELF = YES;
				CLANG_WARN_OBJC_LITERAL_CONVERSION = YES;
				CLANG_WARN_OBJC_ROOT_CLASS = YES_ERROR;
				CLANG_WARN_QUOTED_INCLUDE_IN_FRAMEWORK_HEADER = YES;
				CLANG_WARN_RANGE_LOOP_ANALYSIS = YES;
				CLANG_WARN_STRICT_PROTOTYPES = YES;
				CLANG_WARN_SUSPICIOUS_MOVE = YES;
				CLANG_WARN_UNGUARDED_AVAILABILITY = YES_AGGRESSIVE;
				CLANG_WARN_UNREACHABLE_CODE = YES;
				CLANG_WARN__DUPLICATE_METHOD_MATCH = YES;
				COPY_PHASE_STRIP = NO;
				DEBUG_INFORMATION_FORMAT = dwarf;
				ENABLE_STRICT_OBJC_MSGSEND = YES;
				ENABLE_TESTABILITY = YES;
				GCC_C_LANGUAGE_STANDARD = gnu11;
				GCC_DYNAMIC_NO_PIC = NO;
				GCC_NO_COMMON_BLOCKS = YES;
				GCC_OPTIMIZATION_LEVEL = 0;
				GCC_PREPROCESSOR_DEFINITIONS = (
					"DEBUG=1",
					"$(inherited)",
				);
				GCC_WARN_64_TO_32_BIT_CONVERSION = YES;
				GCC_WARN_ABOUT_RETURN_TYPE = YES_ERROR;
				GCC_WARN_UNDECLARED_SELECTOR = YES;
				GCC_WARN_UNINITIALIZED_AUTOS = YES_AGGRESSIVE;
				GCC_WARN_UNUSED_FUNCTION = YES;
				GCC_WARN_UNUSED_VARIABLE = YES;
				IPHONEOS_DEPLOYMENT_TARGET = 14.4;
				MTL_ENABLE_DEBUG_INFO = INCLUDE_SOURCE;
				MTL_FAST_MATH = YES;
				ONLY_ACTIVE_ARCH = YES;
				SDKROOT = iphoneos;
				SWIFT_ACTIVE_COMPILATION_CONDITIONS = DEBUG;
				SWIFT_OPTIMIZATION_LEVEL = "-Onone";
			};
			name = Debug;
		};
		C1DB74912637554A00BDA717 /* Release */ = {
			isa = XCBuildConfiguration;
			buildSettings = {
				ALWAYS_SEARCH_USER_PATHS = NO;
				CLANG_ANALYZER_NONNULL = YES;
				CLANG_ANALYZER_NUMBER_OBJECT_CONVERSION = YES_AGGRESSIVE;
				CLANG_CXX_LANGUAGE_STANDARD = "gnu++14";
				CLANG_CXX_LIBRARY = "libc++";
				CLANG_ENABLE_MODULES = YES;
				CLANG_ENABLE_OBJC_ARC = YES;
				CLANG_ENABLE_OBJC_WEAK = YES;
				CLANG_WARN_BLOCK_CAPTURE_AUTORELEASING = YES;
				CLANG_WARN_BOOL_CONVERSION = YES;
				CLANG_WARN_COMMA = YES;
				CLANG_WARN_CONSTANT_CONVERSION = YES;
				CLANG_WARN_DEPRECATED_OBJC_IMPLEMENTATIONS = YES;
				CLANG_WARN_DIRECT_OBJC_ISA_USAGE = YES_ERROR;
				CLANG_WARN_DOCUMENTATION_COMMENTS = YES;
				CLANG_WARN_EMPTY_BODY = YES;
				CLANG_WARN_ENUM_CONVERSION = YES;
				CLANG_WARN_INFINITE_RECURSION = YES;
				CLANG_WARN_INT_CONVERSION = YES;
				CLANG_WARN_NON_LITERAL_NULL_CONVERSION = YES;
				CLANG_WARN_OBJC_IMPLICIT_RETAIN_SELF = YES;
				CLANG_WARN_OBJC_LITERAL_CONVERSION = YES;
				CLANG_WARN_OBJC_ROOT_CLASS = YES_ERROR;
				CLANG_WARN_QUOTED_INCLUDE_IN_FRAMEWORK_HEADER = YES;
				CLANG_WARN_RANGE_LOOP_ANALYSIS = YES;
				CLANG_WARN_STRICT_PROTOTYPES = YES;
				CLANG_WARN_SUSPICIOUS_MOVE = YES;
				CLANG_WARN_UNGUARDED_AVAILABILITY = YES_AGGRESSIVE;
				CLANG_WARN_UNREACHABLE_CODE = YES;
				CLANG_WARN__DUPLICATE_METHOD_MATCH = YES;
				COPY_PHASE_STRIP = NO;
				DEBUG_INFORMATION_FORMAT = "dwarf-with-dsym";
				ENABLE_NS_ASSERTIONS = NO;
				ENABLE_STRICT_OBJC_MSGSEND = YES;
				GCC_C_LANGUAGE_STANDARD = gnu11;
				GCC_NO_COMMON_BLOCKS = YES;
				GCC_WARN_64_TO_32_BIT_CONVERSION = YES;
				GCC_WARN_ABOUT_RETURN_TYPE = YES_ERROR;
				GCC_WARN_UNDECLARED_SELECTOR = YES;
				GCC_WARN_UNINITIALIZED_AUTOS = YES_AGGRESSIVE;
				GCC_WARN_UNUSED_FUNCTION = YES;
				GCC_WARN_UNUSED_VARIABLE = YES;
				IPHONEOS_DEPLOYMENT_TARGET = 14.4;
				MTL_ENABLE_DEBUG_INFO = NO;
				MTL_FAST_MATH = YES;
				SDKROOT = iphoneos;
				SWIFT_COMPILATION_MODE = wholemodule;
				SWIFT_OPTIMIZATION_LEVEL = "-O";
				VALIDATE_PRODUCT = YES;
			};
			name = Release;
		};
		C1DB74932637554A00BDA717 /* Debug */ = {
			isa = XCBuildConfiguration;
			baseConfigurationReference = AAA968B8BBC0D306558849A2 /* Pods-Appfrases.debug.xcconfig */;
			buildSettings = {
				ASSETCATALOG_COMPILER_APPICON_NAME = AppIcon;
				ASSETCATALOG_COMPILER_GLOBAL_ACCENT_COLOR_NAME = AccentColor;
				CODE_SIGN_STYLE = Automatic;
				INFOPLIST_FILE = Appfrases/Info.plist;
				LD_RUNPATH_SEARCH_PATHS = (
					"$(inherited)",
					"@executable_path/Frameworks",
				);
				PRODUCT_BUNDLE_IDENTIFIER = br.com.everis.Appfrases;
				PRODUCT_NAME = "$(TARGET_NAME)";
				SWIFT_VERSION = 5.0;
				TARGETED_DEVICE_FAMILY = "1,2";
			};
			name = Debug;
		};
		C1DB74942637554A00BDA717 /* Release */ = {
			isa = XCBuildConfiguration;
			baseConfigurationReference = C42986388422B549B5D301AA /* Pods-Appfrases.release.xcconfig */;
			buildSettings = {
				ASSETCATALOG_COMPILER_APPICON_NAME = AppIcon;
				ASSETCATALOG_COMPILER_GLOBAL_ACCENT_COLOR_NAME = AccentColor;
				CODE_SIGN_STYLE = Automatic;
				INFOPLIST_FILE = Appfrases/Info.plist;
				LD_RUNPATH_SEARCH_PATHS = (
					"$(inherited)",
					"@executable_path/Frameworks",
				);
				PRODUCT_BUNDLE_IDENTIFIER = br.com.everis.Appfrases;
				PRODUCT_NAME = "$(TARGET_NAME)";
				SWIFT_VERSION = 5.0;
				TARGETED_DEVICE_FAMILY = "1,2";
			};
			name = Release;
		};
/* End XCBuildConfiguration section */

/* Begin XCConfigurationList section */
		C1DB74762637554500BDA717 /* Build configuration list for PBXProject "Appfrases" */ = {
			isa = XCConfigurationList;
			buildConfigurations = (
				C1DB74902637554A00BDA717 /* Debug */,
				C1DB74912637554A00BDA717 /* Release */,
			);
			defaultConfigurationIsVisible = 0;
			defaultConfigurationName = Release;
		};
		C1DB74922637554A00BDA717 /* Build configuration list for PBXNativeTarget "Appfrases" */ = {
			isa = XCConfigurationList;
			buildConfigurations = (
				C1DB74932637554A00BDA717 /* Debug */,
				C1DB74942637554A00BDA717 /* Release */,
			);
			defaultConfigurationIsVisible = 0;
			defaultConfigurationName = Release;
		};
/* End XCConfigurationList section */

/* Begin XCVersionGroup section */
		C1DB74872637554500BDA717 /* Appfrases.xcdatamodeld */ = {
			isa = XCVersionGroup;
			children = (
				C1DB74882637554500BDA717 /* Appfrases.xcdatamodel */,
			);
			currentVersion = C1DB74882637554500BDA717 /* Appfrases.xcdatamodel */;
			path = Appfrases.xcdatamodeld;
			sourceTree = "<group>";
			versionGroupType = wrapper.xcdatamodel;
		};
/* End XCVersionGroup section */
	};
	rootObject = C1DB74732637554500BDA717 /* Project object */;
}
